
Microsoft Visual Studio Solution File, Format Version 12.00
# Visual Studio Version 17
VisualStudioVersion = 17.2.32210.308
MinimumVisualStudioVersion = 10.0.40219.1
Project("{778DAE3C-4631-46EA-AA77-85C1314464D9}") = "IM.Domain", "Model\IM.Domain.vbproj", "{3C262D4F-753E-472B-96A5-241EDF186DC5}"
EndProject
Project("{778DAE3C-4631-46EA-AA77-85C1314464D9}") = "IM.Test", "IM.Test\IM.Test.vbproj", "{928BE5EA-A50B-4B44-9761-BDE555AF2D67}"
EndProject
Project("{778DAE3C-4631-46EA-AA77-85C1314464D9}") = "IM.Data", "IM.Data\IM.Data.vbproj", "{61C02687-69E1-4150-8D15-A3C86A2F02E4}"
EndProject
Project("{F184B08F-C81C-45F6-A57F-5ABD9991F28F}") = "IM.Forms", "IM.Forms\IM.Forms.vbproj", "{F7B5F2F7-35E0-4A0F-A859-76815F8E5278}"
EndProject
Global
	GlobalSection(SolutionConfigurationPlatforms) = preSolution
		Debug|Any CPU = Debug|Any CPU
		Debug|ARM = Debug|ARM
		Debug|ARM64 = Debug|ARM64
		Debug|x64 = Debug|x64
		Debug|x86 = Debug|x86
		Release|Any CPU = Release|Any CPU
		Release|ARM = Release|ARM
		Release|ARM64 = Release|ARM64
		Release|x64 = Release|x64
		Release|x86 = Release|x86
	EndGlobalSection
	GlobalSection(ProjectConfigurationPlatforms) = postSolution
		{3C262D4F-753E-472B-96A5-241EDF186DC5}.Debug|Any CPU.ActiveCfg = Debug|Any CPU
		{3C262D4F-753E-472B-96A5-241EDF186DC5}.Debug|Any CPU.Build.0 = Debug|Any CPU
		{3C262D4F-753E-472B-96A5-241EDF186DC5}.Debug|ARM.ActiveCfg = Debug|Any CPU
		{3C262D4F-753E-472B-96A5-241EDF186DC5}.Debug|ARM.Build.0 = Debug|Any CPU
		{3C262D4F-753E-472B-96A5-241EDF186DC5}.Debug|ARM64.ActiveCfg = Debug|Any CPU
		{3C262D4F-753E-472B-96A5-241EDF186DC5}.Debug|ARM64.Build.0 = Debug|Any CPU
		{3C262D4F-753E-472B-96A5-241EDF186DC5}.Debug|x64.ActiveCfg = Debug|Any CPU
		{3C262D4F-753E-472B-96A5-241EDF186DC5}.Debug|x64.Build.0 = Debug|Any CPU
		{3C262D4F-753E-472B-96A5-241EDF186DC5}.Debug|x86.ActiveCfg = Debug|Any CPU
		{3C262D4F-753E-472B-96A5-241EDF186DC5}.Debug|x86.Build.0 = Debug|Any CPU
		{3C262D4F-753E-472B-96A5-241EDF186DC5}.Release|Any CPU.ActiveCfg = Release|Any CPU
		{3C262D4F-753E-472B-96A5-241EDF186DC5}.Release|Any CPU.Build.0 = Release|Any CPU
		{3C262D4F-753E-472B-96A5-241EDF186DC5}.Release|ARM.ActiveCfg = Release|Any CPU
		{3C262D4F-753E-472B-96A5-241EDF186DC5}.Release|ARM.Build.0 = Release|Any CPU
		{3C262D4F-753E-472B-96A5-241EDF186DC5}.Release|ARM64.ActiveCfg = Release|Any CPU
		{3C262D4F-753E-472B-96A5-241EDF186DC5}.Release|ARM64.Build.0 = Release|Any CPU
		{3C262D4F-753E-472B-96A5-241EDF186DC5}.Release|x64.ActiveCfg = Release|Any CPU
		{3C262D4F-753E-472B-96A5-241EDF186DC5}.Release|x64.Build.0 = Release|Any CPU
		{3C262D4F-753E-472B-96A5-241EDF186DC5}.Release|x86.ActiveCfg = Release|Any CPU
		{3C262D4F-753E-472B-96A5-241EDF186DC5}.Release|x86.Build.0 = Release|Any CPU
		{928BE5EA-A50B-4B44-9761-BDE555AF2D67}.Debug|Any CPU.ActiveCfg = Debug|Any CPU
		{928BE5EA-A50B-4B44-9761-BDE555AF2D67}.Debug|Any CPU.Build.0 = Debug|Any CPU
		{928BE5EA-A50B-4B44-9761-BDE555AF2D67}.Debug|ARM.ActiveCfg = Debug|Any CPU
		{928BE5EA-A50B-4B44-9761-BDE555AF2D67}.Debug|ARM.Build.0 = Debug|Any CPU
		{928BE5EA-A50B-4B44-9761-BDE555AF2D67}.Debug|ARM64.ActiveCfg = Debug|Any CPU
		{928BE5EA-A50B-4B44-9761-BDE555AF2D67}.Debug|ARM64.Build.0 = Debug|Any CPU
		{928BE5EA-A50B-4B44-9761-BDE555AF2D67}.Debug|x64.ActiveCfg = Debug|Any CPU
		{928BE5EA-A50B-4B44-9761-BDE555AF2D67}.Debug|x64.Build.0 = Debug|Any CPU
		{928BE5EA-A50B-4B44-9761-BDE555AF2D67}.Debug|x86.ActiveCfg = Debug|Any CPU
		{928BE5EA-A50B-4B44-9761-BDE555AF2D67}.Debug|x86.Build.0 = Debug|Any CPU
		{928BE5EA-A50B-4B44-9761-BDE555AF2D67}.Release|Any CPU.ActiveCfg = Release|Any CPU
		{928BE5EA-A50B-4B44-9761-BDE555AF2D67}.Release|Any CPU.Build.0 = Release|Any CPU
		{928BE5EA-A50B-4B44-9761-BDE555AF2D67}.Release|ARM.ActiveCfg = Release|Any CPU
		{928BE5EA-A50B-4B44-9761-BDE555AF2D67}.Release|ARM.Build.0 = Release|Any CPU
		{928BE5EA-A50B-4B44-9761-BDE555AF2D67}.Release|ARM64.ActiveCfg = Release|Any CPU
		{928BE5EA-A50B-4B44-9761-BDE555AF2D67}.Release|ARM64.Build.0 = Release|Any CPU
		{928BE5EA-A50B-4B44-9761-BDE555AF2D67}.Release|x64.ActiveCfg = Release|Any CPU
		{928BE5EA-A50B-4B44-9761-BDE555AF2D67}.Release|x64.Build.0 = Release|Any CPU
		{928BE5EA-A50B-4B44-9761-BDE555AF2D67}.Release|x86.ActiveCfg = Release|Any CPU
		{928BE5EA-A50B-4B44-9761-BDE555AF2D67}.Release|x86.Build.0 = Release|Any CPU
		{61C02687-69E1-4150-8D15-A3C86A2F02E4}.Debug|Any CPU.ActiveCfg = Debug|Any CPU
		{61C02687-69E1-4150-8D15-A3C86A2F02E4}.Debug|Any CPU.Build.0 = Debug|Any CPU
		{61C02687-69E1-4150-8D15-A3C86A2F02E4}.Debug|ARM.ActiveCfg = Debug|Any CPU
		{61C02687-69E1-4150-8D15-A3C86A2F02E4}.Debug|ARM.Build.0 = Debug|Any CPU
		{61C02687-69E1-4150-8D15-A3C86A2F02E4}.Debug|ARM64.ActiveCfg = Debug|Any CPU
		{61C02687-69E1-4150-8D15-A3C86A2F02E4}.Debug|ARM64.Build.0 = Debug|Any CPU
		{61C02687-69E1-4150-8D15-A3C86A2F02E4}.Debug|x64.ActiveCfg = Debug|Any CPU
		{61C02687-69E1-4150-8D15-A3C86A2F02E4}.Debug|x64.Build.0 = Debug|Any CPU
		{61C02687-69E1-4150-8D15-A3C86A2F02E4}.Debug|x86.ActiveCfg = Debug|Any CPU
		{61C02687-69E1-4150-8D15-A3C86A2F02E4}.Debug|x86.Build.0 = Debug|Any CPU
		{61C02687-69E1-4150-8D15-A3C86A2F02E4}.Release|Any CPU.ActiveCfg = Release|Any CPU
		{61C02687-69E1-4150-8D15-A3C86A2F02E4}.Release|Any CPU.Build.0 = Release|Any CPU
		{61C02687-69E1-4150-8D15-A3C86A2F02E4}.Release|ARM.ActiveCfg = Release|Any CPU
		{61C02687-69E1-4150-8D15-A3C86A2F02E4}.Release|ARM.Build.0 = Release|Any CPU
		{61C02687-69E1-4150-8D15-A3C86A2F02E4}.Release|ARM64.ActiveCfg = Release|Any CPU
		{61C02687-69E1-4150-8D15-A3C86A2F02E4}.Release|ARM64.Build.0 = Release|Any CPU
		{61C02687-69E1-4150-8D15-A3C86A2F02E4}.Release|x64.ActiveCfg = Release|Any CPU
		{61C02687-69E1-4150-8D15-A3C86A2F02E4}.Release|x64.Build.0 = Release|Any CPU
		{61C02687-69E1-4150-8D15-A3C86A2F02E4}.Release|x86.ActiveCfg = Release|Any CPU
		{61C02687-69E1-4150-8D15-A3C86A2F02E4}.Release|x86.Build.0 = Release|Any CPU
		{F7B5F2F7-35E0-4A0F-A859-76815F8E5278}.Debug|Any CPU.ActiveCfg = Debug|Any CPU
		{F7B5F2F7-35E0-4A0F-A859-76815F8E5278}.Debug|Any CPU.Build.0 = Debug|Any CPU
		{F7B5F2F7-35E0-4A0F-A859-76815F8E5278}.Debug|ARM.ActiveCfg = Debug|Any CPU
		{F7B5F2F7-35E0-4A0F-A859-76815F8E5278}.Debug|ARM.Build.0 = Debug|Any CPU
		{F7B5F2F7-35E0-4A0F-A859-76815F8E5278}.Debug|ARM64.ActiveCfg = Debug|Any CPU
		{F7B5F2F7-35E0-4A0F-A859-76815F8E5278}.Debug|ARM64.Build.0 = Debug|Any CPU
		{F7B5F2F7-35E0-4A0F-A859-76815F8E5278}.Debug|x64.ActiveCfg = Debug|Any CPU
		{F7B5F2F7-35E0-4A0F-A859-76815F8E5278}.Debug|x64.Build.0 = Debug|Any CPU
		{F7B5F2F7-35E0-4A0F-A859-76815F8E5278}.Debug|x86.ActiveCfg = Debug|Any CPU
		{F7B5F2F7-35E0-4A0F-A859-76815F8E5278}.Debug|x86.Build.0 = Debug|Any CPU
		{F7B5F2F7-35E0-4A0F-A859-76815F8E5278}.Release|Any CPU.ActiveCfg = Release|Any CPU
		{F7B5F2F7-35E0-4A0F-A859-76815F8E5278}.Release|Any CPU.Build.0 = Release|Any CPU
		{F7B5F2F7-35E0-4A0F-A859-76815F8E5278}.Release|ARM.ActiveCfg = Release|Any CPU
		{F7B5F2F7-35E0-4A0F-A859-76815F8E5278}.Release|ARM.Build.0 = Release|Any CPU
		{F7B5F2F7-35E0-4A0F-A859-76815F8E5278}.Release|ARM64.ActiveCfg = Release|Any CPU
		{F7B5F2F7-35E0-4A0F-A859-76815F8E5278}.Release|ARM64.Build.0 = Release|Any CPU
		{F7B5F2F7-35E0-4A0F-A859-76815F8E5278}.Release|x64.ActiveCfg = Release|Any CPU
		{F7B5F2F7-35E0-4A0F-A859-76815F8E5278}.Release|x64.Build.0 = Release|Any CPU
		{F7B5F2F7-35E0-4A0F-A859-76815F8E5278}.Release|x86.ActiveCfg = Release|Any CPU
		{F7B5F2F7-35E0-4A0F-A859-76815F8E5278}.Release|x86.Build.0 = Release|Any CPU
	EndGlobalSection
	GlobalSection(SolutionProperties) = preSolution
		HideSolutionNode = FALSE
	EndGlobalSection
	GlobalSection(ExtensibilityGlobals) = postSolution
		SolutionGuid = {B9CE578D-A7FE-4E72-80BB-9A64704F32EE}
	EndGlobalSection
EndGlobal
